// !$*UTF8*$!
{
	archiveVersion = 1;
	classes = {
	};
	objectVersion = 56;
	objects = {

/* Begin PBXBuildFile section */
		FA08D24F2C775C1800B6672D /* BackgroundSampleAppApp.swift in Sources */ = {isa = PBXBuildFile; fileRef = FA08D24E2C775C1800B6672D /* BackgroundSampleAppApp.swift */; };
		FA08D2512C775C1800B6672D /* ContentView.swift in Sources */ = {isa = PBXBuildFile; fileRef = FA08D2502C775C1800B6672D /* ContentView.swift */; };
		FA08D2532C775C1900B6672D /* Assets.xcassets in Resources */ = {isa = PBXBuildFile; fileRef = FA08D2522C775C1900B6672D /* Assets.xcassets */; };
		FA08D2562C775C1900B6672D /* Preview Assets.xcassets in Resources */ = {isa = PBXBuildFile; fileRef = FA08D2552C775C1900B6672D /* Preview Assets.xcassets */; };
		FA9B05B02C775E49000FFB5F /* MainView.swift in Sources */ = {isa = PBXBuildFile; fileRef = FA9B05AF2C775E49000FFB5F /* MainView.swift */; };
		FA9B05B32C775F52000FFB5F /* OneStepSDK.framework in Frameworks */ = {isa = PBXBuildFile; fileRef = FA9B05B22C775F52000FFB5F /* OneStepSDK.framework */; };
		FA9B05B42C775F52000FFB5F /* OneStepSDK.framework in Embed Frameworks */ = {isa = PBXBuildFile; fileRef = FA9B05B22C775F52000FFB5F /* OneStepSDK.framework */; settings = {ATTRIBUTES = (CodeSignOnCopy, RemoveHeadersOnCopy, ); }; };
		FA9B05B82C7761EC000FFB5F /* BackgroundViewModel.swift in Sources */ = {isa = PBXBuildFile; fileRef = FA9B05B72C7761EC000FFB5F /* BackgroundViewModel.swift */; };
/* End PBXBuildFile section */

/* Begin PBXCopyFilesBuildPhase section */
		FA9B05B52C775F52000FFB5F /* Embed Frameworks */ = {
			isa = PBXCopyFilesBuildPhase;
			buildActionMask = 2147483647;
			dstPath = "";
			dstSubfolderSpec = 10;
			files = (
				FA9B05B42C775F52000FFB5F /* OneStepSDK.framework in Embed Frameworks */,
			);
			name = "Embed Frameworks";
			runOnlyForDeploymentPostprocessing = 0;
		};
/* End PBXCopyFilesBuildPhase section */

/* Begin PBXFileReference section */
		FA08D24B2C775C1800B6672D /* BackgroundSampleApp.app */ = {isa = PBXFileReference; explicitFileType = wrapper.application; includeInIndex = 0; path = BackgroundSampleApp.app; sourceTree = BUILT_PRODUCTS_DIR; };
		FA08D24E2C775C1800B6672D /* BackgroundSampleAppApp.swift */ = {isa = PBXFileReference; lastKnownFileType = sourcecode.swift; path = BackgroundSampleAppApp.swift; sourceTree = "<group>"; };
		FA08D2502C775C1800B6672D /* ContentView.swift */ = {isa = PBXFileReference; lastKnownFileType = sourcecode.swift; path = ContentView.swift; sourceTree = "<group>"; };
		FA08D2522C775C1900B6672D /* Assets.xcassets */ = {isa = PBXFileReference; lastKnownFileType = folder.assetcatalog; path = Assets.xcassets; sourceTree = "<group>"; };
		FA08D2552C775C1900B6672D /* Preview Assets.xcassets */ = {isa = PBXFileReference; lastKnownFileType = folder.assetcatalog; path = "Preview Assets.xcassets"; sourceTree = "<group>"; };
		FA9B05AF2C775E49000FFB5F /* MainView.swift */ = {isa = PBXFileReference; lastKnownFileType = sourcecode.swift; path = MainView.swift; sourceTree = "<group>"; };
		FA9B05B22C775F52000FFB5F /* OneStepSDK.framework */ = {isa = PBXFileReference; explicitFileType = wrapper.framework; path = OneStepSDK.framework; sourceTree = BUILT_PRODUCTS_DIR; };
		FA9B05B62C775FD0000FFB5F /* Info.plist */ = {isa = PBXFileReference; lastKnownFileType = text.plist; path = Info.plist; sourceTree = "<group>"; };
		FA9B05B72C7761EC000FFB5F /* BackgroundViewModel.swift */ = {isa = PBXFileReference; lastKnownFileType = sourcecode.swift; path = BackgroundViewModel.swift; sourceTree = "<group>"; };
/* End PBXFileReference section */

/* Begin PBXFrameworksBuildPhase section */
		FA08D2482C775C1800B6672D /* Frameworks */ = {
			isa = PBXFrameworksBuildPhase;
			buildActionMask = 2147483647;
			files = (
				FA9B05B32C775F52000FFB5F /* OneStepSDK.framework in Frameworks */,
			);
			runOnlyForDeploymentPostprocessing = 0;
		};
/* End PBXFrameworksBuildPhase section */

/* Begin PBXGroup section */
		FA08D2422C775C1800B6672D = {
			isa = PBXGroup;
			children = (
				FA08D24D2C775C1800B6672D /* BackgroundSampleApp */,
				FA08D24C2C775C1800B6672D /* Products */,
				FA9B05B12C775F52000FFB5F /* Frameworks */,
			);
			sourceTree = "<group>";
		};
		FA08D24C2C775C1800B6672D /* Products */ = {
			isa = PBXGroup;
			children = (
				FA08D24B2C775C1800B6672D /* BackgroundSampleApp.app */,
			);
			name = Products;
			sourceTree = "<group>";
		};
		FA08D24D2C775C1800B6672D /* BackgroundSampleApp */ = {
			isa = PBXGroup;
			children = (
				FA9B05B62C775FD0000FFB5F /* Info.plist */,
				FA08D24E2C775C1800B6672D /* BackgroundSampleAppApp.swift */,
				FA08D2502C775C1800B6672D /* ContentView.swift */,
				FA08D2522C775C1900B6672D /* Assets.xcassets */,
				FA08D2542C775C1900B6672D /* Preview Content */,
				FA9B05AF2C775E49000FFB5F /* MainView.swift */,
				FA9B05B72C7761EC000FFB5F /* BackgroundViewModel.swift */,
			);
			path = BackgroundSampleApp;
			sourceTree = "<group>";
		};
		FA08D2542C775C1900B6672D /* Preview Content */ = {
			isa = PBXGroup;
			children = (
				FA08D2552C775C1900B6672D /* Preview Assets.xcassets */,
			);
			path = "Preview Content";
			sourceTree = "<group>";
		};
		FA9B05B12C775F52000FFB5F /* Frameworks */ = {
			isa = PBXGroup;
			children = (
				FA9B05B22C775F52000FFB5F /* OneStepSDK.framework */,
			);
			name = Frameworks;
			sourceTree = "<group>";
		};
/* End PBXGroup section */

/* Begin PBXNativeTarget section */
		FA08D24A2C775C1800B6672D /* BackgroundSampleApp */ = {
			isa = PBXNativeTarget;
			buildConfigurationList = FA08D2592C775C1900B6672D /* Build configuration list for PBXNativeTarget "BackgroundSampleApp" */;
			buildPhases = (
				FA08D2472C775C1800B6672D /* Sources */,
				FA08D2482C775C1800B6672D /* Frameworks */,
				FA08D2492C775C1800B6672D /* Resources */,
				FA9B05B52C775F52000FFB5F /* Embed Frameworks */,
			);
			buildRules = (
			);
			dependencies = (
			);
			name = BackgroundSampleApp;
			productName = BackgroundSampleApp;
			productReference = FA08D24B2C775C1800B6672D /* BackgroundSampleApp.app */;
			productType = "com.apple.product-type.application";
		};
/* End PBXNativeTarget section */

/* Begin PBXProject section */
		FA08D2432C775C1800B6672D /* Project object */ = {
			isa = PBXProject;
			attributes = {
				BuildIndependentTargetsInParallel = 1;
				LastSwiftUpdateCheck = 1540;
				LastUpgradeCheck = 1540;
				TargetAttributes = {
					FA08D24A2C775C1800B6672D = {
						CreatedOnToolsVersion = 15.4;
					};
				};
			};
			buildConfigurationList = FA08D2462C775C1800B6672D /* Build configuration list for PBXProject "BackgroundSampleApp" */;
			compatibilityVersion = "Xcode 14.0";
			developmentRegion = en;
			hasScannedForEncodings = 0;
			knownRegions = (
				en,
				Base,
			);
			mainGroup = FA08D2422C775C1800B6672D;
			productRefGroup = FA08D24C2C775C1800B6672D /* Products */;
			projectDirPath = "";
			projectRoot = "";
			targets = (
				FA08D24A2C775C1800B6672D /* BackgroundSampleApp */,
			);
		};
/* End PBXProject section */

/* Begin PBXResourcesBuildPhase section */
		FA08D2492C775C1800B6672D /* Resources */ = {
			isa = PBXResourcesBuildPhase;
			buildActionMask = 2147483647;
			files = (
				FA08D2562C775C1900B6672D /* Preview Assets.xcassets in Resources */,
				FA08D2532C775C1900B6672D /* Assets.xcassets in Resources */,
			);
			runOnlyForDeploymentPostprocessing = 0;
		};
/* End PBXResourcesBuildPhase section */

/* Begin PBXSourcesBuildPhase section */
		FA08D2472C775C1800B6672D /* Sources */ = {
			isa = PBXSourcesBuildPhase;
			buildActionMask = 2147483647;
			files = (
				FA9B05B82C7761EC000FFB5F /* BackgroundViewModel.swift in Sources */,
				FA08D2512C775C1800B6672D /* ContentView.swift in Sources */,
				FA9B05B02C775E49000FFB5F /* MainView.swift in Sources */,
				FA08D24F2C775C1800B6672D /* BackgroundSampleAppApp.swift in Sources */,
			);
			runOnlyForDeploymentPostprocessing = 0;
		};
/* End PBXSourcesBuildPhase section */

/* Begin XCBuildConfiguration section */
		FA08D2572C775C1900B6672D /* Debug */ = {
			isa = XCBuildConfiguration;
			buildSettings = {
				ALWAYS_SEARCH_USER_PATHS = NO;
				ASSETCATALOG_COMPILER_GENERATE_SWIFT_ASSET_SYMBOL_EXTENSIONS = YES;
				CLANG_ANALYZER_NONNULL = YES;
				CLANG_ANALYZER_NUMBER_OBJECT_CONVERSION = YES_AGGRESSIVE;
				CLANG_CXX_LANGUAGE_STANDARD = "gnu++20";
				CLANG_ENABLE_MODULES = YES;
				CLANG_ENABLE_OBJC_ARC = YES;
				CLANG_ENABLE_OBJC_WEAK = YES;
				CLANG_WARN_BLOCK_CAPTURE_AUTORELEASING = YES;
				CLANG_WARN_BOOL_CONVERSION = YES;
				CLANG_WARN_COMMA = YES;
				CLANG_WARN_CONSTANT_CONVERSION = YES;
				CLANG_WARN_DEPRECATED_OBJC_IMPLEMENTATIONS = YES;
				CLANG_WARN_DIRECT_OBJC_ISA_USAGE = YES_ERROR;
				CLANG_WARN_DOCUMENTATION_COMMENTS = YES;
				CLANG_WARN_EMPTY_BODY = YES;
				CLANG_WARN_ENUM_CONVERSION = YES;
				CLANG_WARN_INFINITE_RECURSION = YES;
				CLANG_WARN_INT_CONVERSION = YES;
				CLANG_WARN_NON_LITERAL_NULL_CONVERSION = YES;
				CLANG_WARN_OBJC_IMPLICIT_RETAIN_SELF = YES;
				CLANG_WARN_OBJC_LITERAL_CONVERSION = YES;
				CLANG_WARN_OBJC_ROOT_CLASS = YES_ERROR;
				CLANG_WARN_QUOTED_INCLUDE_IN_FRAMEWORK_HEADER = YES;
				CLANG_WARN_RANGE_LOOP_ANALYSIS = YES;
				CLANG_WARN_STRICT_PROTOTYPES = YES;
				CLANG_WARN_SUSPICIOUS_MOVE = YES;
				CLANG_WARN_UNGUARDED_AVAILABILITY = YES_AGGRESSIVE;
				CLANG_WARN_UNREACHABLE_CODE = YES;
				CLANG_WARN__DUPLICATE_METHOD_MATCH = YES;
				COPY_PHASE_STRIP = NO;
				DEBUG_INFORMATION_FORMAT = dwarf;
				ENABLE_STRICT_OBJC_MSGSEND = YES;
				ENABLE_TESTABILITY = YES;
				ENABLE_USER_SCRIPT_SANDBOXING = YES;
				GCC_C_LANGUAGE_STANDARD = gnu17;
				GCC_DYNAMIC_NO_PIC = NO;
				GCC_NO_COMMON_BLOCKS = YES;
				GCC_OPTIMIZATION_LEVEL = 0;
				GCC_PREPROCESSOR_DEFINITIONS = (
					"DEBUG=1",
					"$(inherited)",
				);
				GCC_WARN_64_TO_32_BIT_CONVERSION = YES;
				GCC_WARN_ABOUT_RETURN_TYPE = YES_ERROR;
				GCC_WARN_UNDECLARED_SELECTOR = YES;
				GCC_WARN_UNINITIALIZED_AUTOS = YES_AGGRESSIVE;
				GCC_WARN_UNUSED_FUNCTION = YES;
				GCC_WARN_UNUSED_VARIABLE = YES;
				IPHONEOS_DEPLOYMENT_TARGET = 17.5;
				LOCALIZATION_PREFERS_STRING_CATALOGS = YES;
				MTL_ENABLE_DEBUG_INFO = INCLUDE_SOURCE;
				MTL_FAST_MATH = YES;
				ONLY_ACTIVE_ARCH = YES;
				SDKROOT = iphoneos;
				SWIFT_ACTIVE_COMPILATION_CONDITIONS = "DEBUG $(inherited)";
				SWIFT_OPTIMIZATION_LEVEL = "-Onone";
			};
			name = Debug;
		};
		FA08D2582C775C1900B6672D /* Release */ = {
			isa = XCBuildConfiguration;
			buildSettings = {
				ALWAYS_SEARCH_USER_PATHS = NO;
				ASSETCATALOG_COMPILER_GENERATE_SWIFT_ASSET_SYMBOL_EXTENSIONS = YES;
				CLANG_ANALYZER_NONNULL = YES;
				CLANG_ANALYZER_NUMBER_OBJECT_CONVERSION = YES_AGGRESSIVE;
				CLANG_CXX_LANGUAGE_STANDARD = "gnu++20";
				CLANG_ENABLE_MODULES = YES;
				CLANG_ENABLE_OBJC_ARC = YES;
				CLANG_ENABLE_OBJC_WEAK = YES;
				CLANG_WARN_BLOCK_CAPTURE_AUTORELEASING = YES;
				CLANG_WARN_BOOL_CONVERSION = YES;
				CLANG_WARN_COMMA = YES;
				CLANG_WARN_CONSTANT_CONVERSION = YES;
				CLANG_WARN_DEPRECATED_OBJC_IMPLEMENTATIONS = YES;
				CLANG_WARN_DIRECT_OBJC_ISA_USAGE = YES_ERROR;
				CLANG_WARN_DOCUMENTATION_COMMENTS = YES;
				CLANG_WARN_EMPTY_BODY = YES;
				CLANG_WARN_ENUM_CONVERSION = YES;
				CLANG_WARN_INFINITE_RECURSION = YES;
				CLANG_WARN_INT_CONVERSION = YES;
				CLANG_WARN_NON_LITERAL_NULL_CONVERSION = YES;
				CLANG_WARN_OBJC_IMPLICIT_RETAIN_SELF = YES;
				CLANG_WARN_OBJC_LITERAL_CONVERSION = YES;
				CLANG_WARN_OBJC_ROOT_CLASS = YES_ERROR;
				CLANG_WARN_QUOTED_INCLUDE_IN_FRAMEWORK_HEADER = YES;
				CLANG_WARN_RANGE_LOOP_ANALYSIS = YES;
				CLANG_WARN_STRICT_PROTOTYPES = YES;
				CLANG_WARN_SUSPICIOUS_MOVE = YES;
				CLANG_WARN_UNGUARDED_AVAILABILITY = YES_AGGRESSIVE;
				CLANG_WARN_UNREACHABLE_CODE = YES;
				CLANG_WARN__DUPLICATE_METHOD_MATCH = YES;
				COPY_PHASE_STRIP = NO;
				DEBUG_INFORMATION_FORMAT = "dwarf-with-dsym";
				ENABLE_NS_ASSERTIONS = NO;
				ENABLE_STRICT_OBJC_MSGSEND = YES;
				ENABLE_USER_SCRIPT_SANDBOXING = YES;
				GCC_C_LANGUAGE_STANDARD = gnu17;
				GCC_NO_COMMON_BLOCKS = YES;
				GCC_WARN_64_TO_32_BIT_CONVERSION = YES;
				GCC_WARN_ABOUT_RETURN_TYPE = YES_ERROR;
				GCC_WARN_UNDECLARED_SELECTOR = YES;
				GCC_WARN_UNINITIALIZED_AUTOS = YES_AGGRESSIVE;
				GCC_WARN_UNUSED_FUNCTION = YES;
				GCC_WARN_UNUSED_VARIABLE = YES;
				IPHONEOS_DEPLOYMENT_TARGET = 17.5;
				LOCALIZATION_PREFERS_STRING_CATALOGS = YES;
				MTL_ENABLE_DEBUG_INFO = NO;
				MTL_FAST_MATH = YES;
				SDKROOT = iphoneos;
				SWIFT_COMPILATION_MODE = wholemodule;
				VALIDATE_PRODUCT = YES;
			};
			name = Release;
		};
		FA08D25A2C775C1900B6672D /* Debug */ = {
			isa = XCBuildConfiguration;
			buildSettings = {
				ASSETCATALOG_COMPILER_APPICON_NAME = AppIcon;
				ASSETCATALOG_COMPILER_GLOBAL_ACCENT_COLOR_NAME = AccentColor;
				CODE_SIGN_STYLE = Automatic;
				CURRENT_PROJECT_VERSION = 1;
				DEVELOPMENT_ASSET_PATHS = "\"BackgroundSampleApp/Preview Content\"";
				DEVELOPMENT_TEAM = 55WPGZLRF5;
				ENABLE_PREVIEWS = YES;
				GENERATE_INFOPLIST_FILE = YES;
				INFOPLIST_FILE = BackgroundSampleApp/Info.plist;
				INFOPLIST_KEY_NSLocationAlwaysAndWhenInUseUsageDescription = "Location akways";
				INFOPLIST_KEY_NSLocationWhenInUseUsageDescription = Location;
				INFOPLIST_KEY_NSMotionUsageDescription = Location;
				INFOPLIST_KEY_UIApplicationSceneManifest_Generation = YES;
				INFOPLIST_KEY_UIApplicationSupportsIndirectInputEvents = YES;
				INFOPLIST_KEY_UILaunchScreen_Generation = YES;
				INFOPLIST_KEY_UISupportedInterfaceOrientations_iPad = "UIInterfaceOrientationPortrait UIInterfaceOrientationPortraitUpsideDown UIInterfaceOrientationLandscapeLeft UIInterfaceOrientationLandscapeRight";
				INFOPLIST_KEY_UISupportedInterfaceOrientations_iPhone = "UIInterfaceOrientationPortrait UIInterfaceOrientationLandscapeLeft UIInterfaceOrientationLandscapeRight";
				IPHONEOS_DEPLOYMENT_TARGET = 16.0;
				LD_RUNPATH_SEARCH_PATHS = (
					"$(inherited)",
					"@executable_path/Frameworks",
				);
				MARKETING_VERSION = 1.0;
				PRODUCT_BUNDLE_IDENTIFIER = co.onestep.BackgroundSampleApp;
				PRODUCT_NAME = "$(TARGET_NAME)";
				SWIFT_EMIT_LOC_STRINGS = YES;
				SWIFT_VERSION = 5.0;
				TARGETED_DEVICE_FAMILY = "1,2";
			};
			name = Debug;
		};
		FA08D25B2C775C1900B6672D /* Release */ = {
			isa = XCBuildConfiguration;
			buildSettings = {
				ASSETCATALOG_COMPILER_APPICON_NAME = AppIcon;
				ASSETCATALOG_COMPILER_GLOBAL_ACCENT_COLOR_NAME = AccentColor;
				CODE_SIGN_STYLE = Automatic;
				CURRENT_PROJECT_VERSION = 1;
				DEVELOPMENT_ASSET_PATHS = "\"BackgroundSampleApp/Preview Content\"";
				DEVELOPMENT_TEAM = 55WPGZLRF5;
				ENABLE_PREVIEWS = YES;
				GENERATE_INFOPLIST_FILE = YES;
				INFOPLIST_FILE = BackgroundSampleApp/Info.plist;
				INFOPLIST_KEY_NSLocationAlwaysAndWhenInUseUsageDescription = "Location akways";
				INFOPLIST_KEY_NSLocationWhenInUseUsageDescription = Location;
				INFOPLIST_KEY_NSMotionUsageDescription = Location;
				INFOPLIST_KEY_UIApplicationSceneManifest_Generation = YES;
				INFOPLIST_KEY_UIApplicationSupportsIndirectInputEvents = YES;
				INFOPLIST_KEY_UILaunchScreen_Generation = YES;
				INFOPLIST_KEY_UISupportedInterfaceOrientations_iPad = "UIInterfaceOrientationPortrait UIInterfaceOrientationPortraitUpsideDown UIInterfaceOrientationLandscapeLeft UIInterfaceOrientationLandscapeRight";
				INFOPLIST_KEY_UISupportedInterfaceOrientations_iPhone = "UIInterfaceOrientationPortrait UIInterfaceOrientationLandscapeLeft UIInterfaceOrientationLandscapeRight";
				IPHONEOS_DEPLOYMENT_TARGET = 16.0;
				LD_RUNPATH_SEARCH_PATHS = (
					"$(inherited)",
					"@executable_path/Frameworks",
				);
				MARKETING_VERSION = 1.0;
				PRODUCT_BUNDLE_IDENTIFIER = co.onestep.BackgroundSampleApp;
				PRODUCT_NAME = "$(TARGET_NAME)";
				SWIFT_EMIT_LOC_STRINGS = YES;
				SWIFT_VERSION = 5.0;
				TARGETED_DEVICE_FAMILY = "1,2";
			};
			name = Release;
		};
/* End XCBuildConfiguration section */

/* Begin XCConfigurationList section */
		FA08D2462C775C1800B6672D /* Build configuration list for PBXProject "BackgroundSampleApp" */ = {
			isa = XCConfigurationList;
			buildConfigurations = (
				FA08D2572C775C1900B6672D /* Debug */,
				FA08D2582C775C1900B6672D /* Release */,
			);
			defaultConfigurationIsVisible = 0;
			defaultConfigurationName = Release;
		};
		FA08D2592C775C1900B6672D /* Build configuration list for PBXNativeTarget "BackgroundSampleApp" */ = {
			isa = XCConfigurationList;
			buildConfigurations = (
				FA08D25A2C775C1900B6672D /* Debug */,
				FA08D25B2C775C1900B6672D /* Release */,
			);
			defaultConfigurationIsVisible = 0;
			defaultConfigurationName = Release;
		};
/* End XCConfigurationList section */
	};
	rootObject = FA08D2432C775C1800B6672D /* Project object */;
}
