{
  "originHash" : "748d792c669e051133318991a96659a5d3e30582ae31ec7f3907d03aeaddc507",
  "pins" : [
    {
      "identity" : "onestep-sdk-ios",
      "kind" : "remoteSourceControl",
      "location" : "https://github.com/OneStepRND/onestep-sdk-ios",
      "state" : {
        "branch" : "main",
        "revision" : "f32d9c4b1d126fbc98305e1cb5409b8a2eb0528d"
      }
    }
  ],
  "version" : 3
}
