{
  "originHash" : "df7e7747da6ace8536d7e3a3507e7f22d1ab89bcbe3da1f40ecb15c594013c47",
  "pins" : [
    {
      "identity" : "onestep-sdk-ios",
      "kind" : "remoteSourceControl",
      "location" : "https://github.com/OneStepRND/onestep-sdk-ios",
      "state" : {
        "revision" : "43c14c53ff0b4e0b8c0714bf5fbd0d36709bccad",
        "version" : "2.0.7-rc2"
      }
    },
    {
      "identity" : "onestep-uikit-ios-spm",
      "kind" : "remoteSourceControl",
      "location" : "https://github.com/OneStepRND/onestep-uikit-ios-spm",
      "state" : {
        "revision" : "c279ee724c3a12d06c931818e90a11b6b08c2a84",
        "version" : "2.0.7-rc2"
      }
    },
    {
      "identity" : "swiftygif",
      "kind" : "remoteSourceControl",
      "location" : "https://github.com/alexiscreuzot/SwiftyGif.git",
      "state" : {
        "revision" : "4430cbc148baa3907651d40562d96325426f409a",
        "version" : "5.4.5"
      }
    }
  ],
  "version" : 3
}
