{
  "originHash" : "df7e7747da6ace8536d7e3a3507e7f22d1ab89bcbe3da1f40ecb15c594013c47",
  "pins" : [
    {
      "identity" : "onestep-sdk-ios",
      "kind" : "remoteSourceControl",
      "location" : "https://github.com/OneStepRND/onestep-sdk-ios",
      "state" : {
        "revision" : "1c991ac0dca9f579df5cdc57abb13e61886d63fb",
        "version" : "2.0.3"
      }
    },
    {
      "identity" : "onestep-uikit-ios-spm",
      "kind" : "remoteSourceControl",
      "location" : "https://github.com/OneStepRND/onestep-uikit-ios-spm",
      "state" : {
        "revision" : "e574d8716ace85d6b645ea28a3fad658d7de2c1a",
        "version" : "2.0.3"
      }
    },
    {
      "identity" : "swiftygif",
      "kind" : "remoteSourceControl",
      "location" : "https://github.com/alexiscreuzot/SwiftyGif.git",
      "state" : {
        "revision" : "4430cbc148baa3907651d40562d96325426f409a",
        "version" : "5.4.5"
      }
    }
  ],
  "version" : 3
}
