{
  "originHash" : "748d792c669e051133318991a96659a5d3e30582ae31ec7f3907d03aeaddc507",
  "pins" : [
    {
      "identity" : "onestep-sdk-ios",
      "kind" : "remoteSourceControl",
      "location" : "https://github.com/OneStepRND/onestep-sdk-ios",
      "state" : {
        "revision" : "43c14c53ff0b4e0b8c0714bf5fbd0d36709bccad",
        "version" : "2.0.7-rc2"
      }
    }
  ],
  "version" : 3
}
